9fans.net/go v0.0.0-20181112161441-237454027057 h1:OcHlKWkAMJEF1ndWLGxp5dnJQkYM/YImUOvsBoz6h5E=
9fans.net/go v0.0.0-20181112161441-237454027057/go.mod h1:diCsxrliIURU9xsYtjCp5AbpQKqdhKmf0ujWDUSkfoY=
9fans.net/go v0.0.2 h1:RYM6lWITV8oADrwLfdzxmt8ucfW6UtP9v1jg4qAbqts=
9fans.net/go v0.0.2/go.mod h1:lfPdxjq9v8pVQXUMBCx5EO5oLXWQFlKRQgs1kEkjoIM=
github.com/BurntSushi/toml v0.3.1 h1:WXkYYl6Yr3qBf1K79EBnL4mak0OimBfB0XUf9Vl28OQ=
github.com/BurntSushi/toml v0.3.1/go.mod h1:xHWCNGjB5oqiDr8zfno3MHue2Ht5sIBksp03qcyfWMU=
github.com/cweill/gotests v1.5.3 h1:k3t4wW/x/YNixWZJhUIn+mivmK5iV1tJVOwVYkx0UcU=
github.com/cweill/gotests v1.5.3/go.mod h1:XZYOJkGVkCRoymaIzmp9Wyi3rUgfA3oOnkuljYrjFV8=
github.com/davecgh/go-spew v1.1.0/go.mod h1:J7Y8YcW2NihsgmVo/mv3lAwl/skON4iLHjSsI+c5H38=
github.com/davidrjenni/reftools v0.0.0-20191020193632-c872ffe85332 h1:2RNGFksDtcK/ayZS/EbwXFqBbe+vbKUC2/yKfSlOB0o=
github.com/davidrjenni/reftools v0.0.0-20191020193632-c872ffe85332/go.mod h1:0qWLWApvobxwtd9/A8fS62VkRImuquIgtCv/ye+KnxA=
github.com/devedge/imagehash v0.0.0-20180324030135-7061aa3b4066 h1:+QbuEqZjC9bIWKkf73EQ5oaIA7g/lB6fE7uFuEV0SeY=
github.com/devedge/imagehash v0.0.0-20180324030135-7061aa3b4066/go.mod h1:FdoOQDHSR0xYTQCl+G8ZhqsB5dKYbyxVWUoUFW7F0Lw=
github.com/disintegration/imaging v1.6.2 h1:w1LecBlG2Lnp8B3jk5zSuNqd7b4DXhcjwek1ei82L+c=
github.com/disintegration/imaging v1.6.2/go.mod h1:44/5580QXChDfwIclfc/PCwrr44amcmDAg8hxG0Ewe4=
github.com/google/renameio v0.1.0/go.mod h1:KWCgfxg9yswjAJkECMjeO8J8rahYeXnNhOm40UhjYkI=
github.com/haya14busa/gopkgs v1.0.0 h1:yE8NGR9ZWRklVehe0Re2Q1XzgNIAmkjU2UMlzb3zhks=
github.com/haya14busa/gopkgs v1.0.0/go.mod h1:QFVUm30EQcji7sZtl7ry4E+bwtxx63Ufi7Mf9JDpvpI=
github.com/josharian/impl v0.0.0-20191119165012-6b9658ad00c7 h1:dhk1N6iuFDo1Lcew31sAQxrh8GVWaw0xu0MWNnMc6ao=
github.com/josharian/impl v0.0.0-20191119165012-6b9658ad00c7/go.mod h1:t4Tr0tn92eq5ISef4cS5plFAMYAqZlAXtgUcKE6y8nw=
github.com/kisielk/gotool v1.0.0/go.mod h1:XhKaO+MFFWcvkIS/tQcRk01m1F5IRFswLeQ+oQHNcck=
github.com/kr/pretty v0.1.0/go.mod h1:dAy3ld7l9f0ibDNOQOHHMYYIIbhfbHSm3C4ZsoJORNo=
github.com/kr/pty v1.1.1/go.mod h1:pFQYn66WHrOpPYNljwOMqo10TkYh1fy3cYio2l3bCsQ=
github.com/kr/text v0.1.0/go.mod h1:4Jbv+DJW3UT/LiOwJeYQe1efqtUx/iVham/4vfdArNI=
github.com/mdempsky/gocode v0.0.0-20191202075140-939b4a677f2f h1:fZeEdJL+u/usJDT4Pcz9tpdRMPvR4w8rGox4bc5isn0=
github.com/mdempsky/gocode v0.0.0-20191202075140-939b4a677f2f/go.mod h1:hltEC42XzfMNgg0S1v6JTywwra2Mu6F6cLR03debVQ8=
github.com/pmezard/go-difflib v1.0.0/go.mod h1:iKH77koFhYxTK1pcRnkKkqfTogsbg7gZNVY4sRDYZ/4=
github.com/rogpeppe/go-internal v1.3.0/go.mod h1:M8bDsm7K2OlrFYOpmOWEs/qY81heoFRclV5y23lUDJ4=
github.com/rogpeppe/godef v1.1.1 h1:NujOtt9q9vIClRTB3sCZpavac+NMRaIayzrcz1h4fSE=
github.com/rogpeppe/godef v1.1.1/go.mod h1:oEo1eMy1VUEHUzUIX4F7IqvMJRiz9UId44mvnR8oPlQ=
github.com/sergi/go-diff v1.0.0 h1:Kpca3qRNrduNnOQeazBd0ysaKrUJiIuISHxogkT9RPQ=
github.com/sergi/go-diff v1.0.0/go.mod h1:0CfEIISq7TuYL3j771MWULgwwjU+GofnZX9QAmXWZgo=
github.com/stretchr/objx v0.1.0/go.mod h1:HFkY916IF+rwdDfMAkV7OtwuqBVzrE8GR6GFx+wExME=
github.com/stretchr/testify v1.4.0/go.mod h1:j7eGeouHqKxXV5pUuKE4zz7dFj8WfuZ+81PSLYec5m4=
github.com/zmb3/gogetdoc v0.0.0-20190228002656-b37376c5da6a h1:00UFliGZl2UciXe8o/2iuEsRQ9u7z0rzDTVzuj6EYY0=
github.com/zmb3/gogetdoc v0.0.0-20190228002656-b37376c5da6a/go.mod h1:ofmGw6LrMypycsiWcyug6516EXpIxSbZ+uI9ppGypfY=
golang.org/x/crypto v0.0.0-20190308221718-c2843e01d9a2/go.mod h1:djNgcEr1/C05ACkg1iLfiJU5Ep61QUkGW8qpdssI0+w=
golang.org/x/crypto v0.0.0-20190510104115-cbcb75029529/go.mod h1:yigFU9vqHzYiE8UmvKecakEJjdnWj3jj499lnFckfCI=
golang.org/x/image v0.0.0-20191009234506-e7c1f5e7dbb8 h1:hVwzHzIUGRjiF7EcUjqNxk3NCfkPxbDKRdnNE1Rpg0U=
golang.org/x/image v0.0.0-20191009234506-e7c1f5e7dbb8/go.mod h1:FeLwcggjj3mMvU+oOTbSwawSJRM1uh48EjtB4UJZlP0=
golang.org/x/mod v0.0.0-20190513183733-4bf6d317e70e/go.mod h1:mXi4GBBbnImb6dmsKGUJ2LatrhH/nqhxcFungHvyanc=
golang.org/x/net v0.0.0-20190311183353-d8887717615a/go.mod h1:t9HGtf8HONx5eT2rtn7q6eTqICYqUVnKs3thJo3Qplg=
golang.org/x/net v0.0.0-20190404232315-eb5bcb51f2a3/go.mod h1:t9HGtf8HONx5eT2rtn7q6eTqICYqUVnKs3thJo3Qplg=
golang.org/x/net v0.0.0-20190620200207-3b0461eec859 h1:R/3boaszxrf1GEUWTVDzSKVwLmSJpwZ1yqXm8j0v2QI=
golang.org/x/net v0.0.0-20190620200207-3b0461eec859/go.mod h1:z5CRVTTTmAJ677TzLLGU+0bjPO0LkuOLi4/5GtJWs/s=
golang.org/x/net v0.0.0-20191126235420-ef20fe5d7933 h1:e6HwijUxhDe+hPNjZQQn9bA5PW3vNmnN64U2ZW759Lk=
golang.org/x/net v0.0.0-20191126235420-ef20fe5d7933/go.mod h1:z5CRVTTTmAJ677TzLLGU+0bjPO0LkuOLi4/5GtJWs/s=
golang.org/x/sync v0.0.0-20190423024810-112230192c58 h1:8gQV6CLnAEikrhgkHFbMAEhagSSnXWGV915qUMm9mrU=
golang.org/x/sync v0.0.0-20190423024810-112230192c58/go.mod h1:RxMgew5VJxzue5/jJTE5uejpjVlOe/izrB70Jof72aM=
golang.org/x/sys v0.0.0-20190215142949-d0b11bdaac8a/go.mod h1:STP8DvDyc/dI5b8T5hshtkjS+E42TnysNCUPdjciGhY=
golang.org/x/sys v0.0.0-20190412213103-97732733099d/go.mod h1:h1NjWce9XRLGQEsW7wpKNCjG9DtNlClVuFLEZdDNbEs=
golang.org/x/text v0.3.0/go.mod h1:NqM8EUOU14njkJ3fqMW+pc6Ldnwhi/IjpwHt7yyuwOQ=
golang.org/x/tools v0.0.0-20181130195746-895048a75ecf/go.mod h1:n7NCudcB/nEzxVGmLbDWY5pfWTLqBcC2KZ6jyYvM4mQ=
golang.org/x/tools v0.0.0-20181207195948-8634b1ecd393/go.mod h1:n7NCudcB/nEzxVGmLbDWY5pfWTLqBcC2KZ6jyYvM4mQ=
golang.org/x/tools v0.0.0-20190408220357-e5b8258f4918/go.mod h1:LCzVGOaR6xXOjkQ3onu1FJEFr0SW1gC7cKk1uF8kGRs=
golang.org/x/tools v0.0.0-20190621195816-6e04913cbbac/go.mod h1:/rFqwRUd4F7ZHNgwSSTFct+R/Kf4OFW1sUzUTQQTgfc=
golang.org/x/tools v0.0.0-20191108194844-46f05828f2fe h1:FNzasIzfY1IIdyTs/+o3Qv1b7YdffPbBXyjZ5VJJdIA=
golang.org/x/tools v0.0.0-20191108194844-46f05828f2fe/go.mod h1:b+2E5dAYhXwXZwtnZ6UAqBI28+e2cm9otk0dWdXHAEo=
golang.org/x/tools v0.0.0-20191203051722-db047d72ee39 h1:zARK4PTmTfx1BC6iKP21qIRjz0nFzFj4ZAlbUy6Q6pM=
golang.org/x/tools v0.0.0-20191203051722-db047d72ee39/go.mod h1:b+2E5dAYhXwXZwtnZ6UAqBI28+e2cm9otk0dWdXHAEo=
golang.org/x/tools/gopls v0.2.1 h1:qXHEqJw4CqROYvoDXinY1ZOkyAFS+jcPOvLRK76dvwY=
golang.org/x/tools/gopls v0.2.1/go.mod h1:r4JFjFfxpKo0rD4xMAAP1NAYwefX6vgQhjjVbNqDoFo=
golang.org/x/xerrors v0.0.0-20190717185122-a985d3407aa7 h1:9zdDQZ7Thm29KFXgAX/+yaf3eVbP7djjWp/dXAppNCc=
golang.org/x/xerrors v0.0.0-20190717185122-a985d3407aa7/go.mod h1:I/5z698sn9Ka8TeJc9MKroUUfqBBauWjQqLJ2OPfmY0=
golang.org/x/xerrors v0.0.0-20191011141410-1b5146add898 h1:/atklqdjdhuosWIl6AIbOeHJjicWYPqR9bpxqxYG2pA=
golang.org/x/xerrors v0.0.0-20191011141410-1b5146add898/go.mod h1:I/5z698sn9Ka8TeJc9MKroUUfqBBauWjQqLJ2OPfmY0=
gopkg.in/check.v1 v0.0.0-20161208181325-20d25e280405/go.mod h1:Co6ibVJAznAaIkqp8huTwlJQCZ016jof/cbN4VW5Yz0=
gopkg.in/check.v1 v1.0.0-20180628173108-788fd7840127/go.mod h1:Co6ibVJAznAaIkqp8huTwlJQCZ016jof/cbN4VW5Yz0=
gopkg.in/errgo.v2 v2.1.0/go.mod h1:hNsd1EY+bozCKY1Ytp96fpM3vjJbqLJn88ws8XvfDNI=
gopkg.in/yaml.v2 v2.2.2/go.mod h1:hI93XBmqTisBFMUTm0b8Fm+jr3Dg1NNxqwp+5A1VGuI=
honnef.co/go/tools v0.0.1-2019.2.3 h1:3JgtbtFHMiCmsznwGVTUWbgGov+pVqnlf1dEJTNAXeM=
honnef.co/go/tools v0.0.1-2019.2.3/go.mod h1:a3bituU0lyd329TUQxRnasdCoJDkEUEAqEt0JzvZhAg=
